PODS:
  - Elements (1.0.1):
    - Elements/Core (= 1.0.1)
  - Elements/Card (1.0.1):
    - Elements/Core
  - Elements/Core (1.0.1)
  - IGListDiffKit (4.0.0)
  - IGListKit (4.0.0):
    - IGListDiffKit (= 4.0.0)
  - SnapKit (5.0.1)
  - SwiftyJSON (5.0.1)

DEPENDENCIES:
  - Elements (from `https://github.com/elementspay/iOS-SDK-Distribution.git`, tag `1.0.1`)
  - Elements/Card (from `https://github.com/elementspay/iOS-SDK-Distribution.git`, tag `1.0.1`)
  - IGListKit
  - SnapKit
  - SwiftyJSON

SPEC REPOS:
  trunk:
    - IGListDiffKit
    - IGListKit
    - SnapKit
    - SwiftyJSON

EXTERNAL SOURCES:
  Elements:
    :git: https://github.com/elementspay/iOS-SDK-Distribution.git
    :tag: 1.0.1

CHECKOUT OPTIONS:
  Elements:
    :git: https://github.com/elementspay/iOS-SDK-Distribution.git
    :tag: 1.0.1

SPEC CHECKSUMS:
  Elements: c6c5b21b956be71a4ad00c4b72dd4fbe6dcb402b
  IGListDiffKit: 665d6cf43ce726e676013db9c7d6c4294259b6b2
  IGListKit: fd5a5d21935298f5849fa49d426843cff97b77c7
  SnapKit: 97b92857e3df3a0c71833cce143274bf6ef8e5eb
  SwiftyJSON: 2f33a42c6fbc52764d96f13368585094bfd8aa5e

PODFILE CHECKSUM: 83f69d40788ad97fc42f9672a932912afadbe4a7

COCOAPODS: 1.10.1
