PODS:
  - Elements (0.0.2)

DEPENDENCIES:
  - Elements (from `https://github.com/elementspay/ios-sdk-distribution.git`, tag `v0.0.2`)

EXTERNAL SOURCES:
  Elements:
    :git: https://github.com/elementspay/ios-sdk-distribution.git
    :tag: v0.0.2

CHECKOUT OPTIONS:
  Elements:
    :git: https://github.com/elementspay/ios-sdk-distribution.git
    :tag: v0.0.2

SPEC CHECKSUMS:
  Elements: 6ffdad9af98b110f9b94d4399919483bf99e973a

PODFILE CHECKSUM: 650de9bd8c10eda244e3df88f2610d827f3d87c2

COCOAPODS: 1.10.1
