PODS:
  - Elements (1.0.3):
    - Elements/Core (= 1.0.3)
  - Elements/Actions (1.0.3):
    - Elements/Core
  - Elements/Card (1.0.3):
    - Elements/Core
  - Elements/Core (1.0.3)
  - IGListDiffKit (4.0.0)
  - IGListKit (4.0.0):
    - IGListDiffKit (= 4.0.0)
  - SnapKit (5.0.1)
  - SwiftyJSON (5.0.1)

DEPENDENCIES:
  - Elements (from `https://github.com/elementspay/iOS-SDK-Distribution.git`, tag `1.0.3`)
  - Elements/Actions (from `https://github.com/elementspay/iOS-SDK-Distribution.git`, tag `1.0.3`)
  - Elements/Card (from `https://github.com/elementspay/iOS-SDK-Distribution.git`, tag `1.0.3`)
  - IGListKit
  - SnapKit
  - SwiftyJSON

SPEC REPOS:
  trunk:
    - IGListDiffKit
    - IGListKit
    - SnapKit
    - SwiftyJSON

EXTERNAL SOURCES:
  Elements:
    :git: https://github.com/elementspay/iOS-SDK-Distribution.git
    :tag: 1.0.3

CHECKOUT OPTIONS:
  Elements:
    :git: https://github.com/elementspay/iOS-SDK-Distribution.git
    :tag: 1.0.3

SPEC CHECKSUMS:
  Elements: 4f97af11df5f826d773ae9076a2fe9bf222f2ba0
  IGListDiffKit: 665d6cf43ce726e676013db9c7d6c4294259b6b2
  IGListKit: fd5a5d21935298f5849fa49d426843cff97b77c7
  SnapKit: 97b92857e3df3a0c71833cce143274bf6ef8e5eb
  SwiftyJSON: 2f33a42c6fbc52764d96f13368585094bfd8aa5e

PODFILE CHECKSUM: 0d2065cc14f4b70a731bf1ac27a17bafae967ca9

COCOAPODS: 1.10.1
